
Microsoft Visual Studio Solution File, Format Version 12.00
# Visual Studio Version 16
VisualStudioVersion = 16.0.32630.194
MinimumVisualStudioVersion = 10.0.40219.1
Project("{8BC9CEB8-8B4A-11D0-8D11-00A0C91BC942}") = "Token", "Token\Token.vcxproj", "{C040F94E-E07D-4F50-B913-3FE3DACEA021}"
EndProject
Project("{8BC9CEB8-8B4A-11D0-8D11-00A0C91BC942}") = "Localhost", "Localhost\Localhost.vcxproj", "{015C0D8D-0FB1-47DD-8454-15C4A47E77BC}"
EndProject
Project("{8BC9CEB8-8B4A-11D0-8D11-00A0C91BC942}") = "Windows", "Windows\Windows.vcxproj", "{A0FBC1B6-44CF-4844-A38E-0C5AC62B4837}"
EndProject
Project("{8BC9CEB8-8B4A-11D0-8D11-00A0C91BC942}") = "Recon", "Recon\Recon.vcxproj", "{76E8A254-10A3-4AFB-B48D-C790F90F2904}"
EndProject
Project("{8BC9CEB8-8B4A-11D0-8D11-00A0C91BC942}") = "Persistence", "Persistence\Persistence.vcxproj", "{C2A9338A-21DD-4520-ADE5-AE903B2229E0}"
EndProject
Project("{8BC9CEB8-8B4A-11D0-8D11-00A0C91BC942}") = "test_helloworld_exe", "test_helloworld_exe\test_helloworld_exe.vcxproj", "{42979EC1-069B-4AE2-8E53-6450D91739B1}"
EndProject
Project("{8BC9CEB8-8B4A-11D0-8D11-00A0C91BC942}") = "reflective_dll", "dll\reflective_dll.vcxproj", "{3A371EBD-EEE1-4B2A-88B9-93E7BABE0949}"
EndProject
Global
	GlobalSection(SolutionConfigurationPlatforms) = preSolution
		Debug|x64 = Debug|x64
		Debug|x86 = Debug|x86
		Release|x64 = Release|x64
		Release|x86 = Release|x86
	EndGlobalSection
	GlobalSection(ProjectConfigurationPlatforms) = postSolution
		{C040F94E-E07D-4F50-B913-3FE3DACEA021}.Debug|x64.ActiveCfg = Debug|x64
		{C040F94E-E07D-4F50-B913-3FE3DACEA021}.Debug|x64.Build.0 = Debug|x64
		{C040F94E-E07D-4F50-B913-3FE3DACEA021}.Debug|x86.ActiveCfg = Debug|Win32
		{C040F94E-E07D-4F50-B913-3FE3DACEA021}.Debug|x86.Build.0 = Debug|Win32
		{C040F94E-E07D-4F50-B913-3FE3DACEA021}.Release|x64.ActiveCfg = Release|x64
		{C040F94E-E07D-4F50-B913-3FE3DACEA021}.Release|x64.Build.0 = Release|x64
		{C040F94E-E07D-4F50-B913-3FE3DACEA021}.Release|x86.ActiveCfg = Release|Win32
		{C040F94E-E07D-4F50-B913-3FE3DACEA021}.Release|x86.Build.0 = Release|Win32
		{015C0D8D-0FB1-47DD-8454-15C4A47E77BC}.Debug|x64.ActiveCfg = Debug|x64
		{015C0D8D-0FB1-47DD-8454-15C4A47E77BC}.Debug|x64.Build.0 = Debug|x64
		{015C0D8D-0FB1-47DD-8454-15C4A47E77BC}.Debug|x86.ActiveCfg = Debug|Win32
		{015C0D8D-0FB1-47DD-8454-15C4A47E77BC}.Debug|x86.Build.0 = Debug|Win32
		{015C0D8D-0FB1-47DD-8454-15C4A47E77BC}.Release|x64.ActiveCfg = Release|x64
		{015C0D8D-0FB1-47DD-8454-15C4A47E77BC}.Release|x64.Build.0 = Release|x64
		{015C0D8D-0FB1-47DD-8454-15C4A47E77BC}.Release|x86.ActiveCfg = Release|Win32
		{015C0D8D-0FB1-47DD-8454-15C4A47E77BC}.Release|x86.Build.0 = Release|Win32
		{A0FBC1B6-44CF-4844-A38E-0C5AC62B4837}.Debug|x64.ActiveCfg = Debug|x64
		{A0FBC1B6-44CF-4844-A38E-0C5AC62B4837}.Debug|x64.Build.0 = Debug|x64
		{A0FBC1B6-44CF-4844-A38E-0C5AC62B4837}.Debug|x86.ActiveCfg = Debug|Win32
		{A0FBC1B6-44CF-4844-A38E-0C5AC62B4837}.Debug|x86.Build.0 = Debug|Win32
		{A0FBC1B6-44CF-4844-A38E-0C5AC62B4837}.Release|x64.ActiveCfg = Release|x64
		{A0FBC1B6-44CF-4844-A38E-0C5AC62B4837}.Release|x64.Build.0 = Release|x64
		{A0FBC1B6-44CF-4844-A38E-0C5AC62B4837}.Release|x86.ActiveCfg = Release|Win32
		{A0FBC1B6-44CF-4844-A38E-0C5AC62B4837}.Release|x86.Build.0 = Release|Win32
		{76E8A254-10A3-4AFB-B48D-C790F90F2904}.Debug|x64.ActiveCfg = Debug|x64
		{76E8A254-10A3-4AFB-B48D-C790F90F2904}.Debug|x64.Build.0 = Debug|x64
		{76E8A254-10A3-4AFB-B48D-C790F90F2904}.Debug|x86.ActiveCfg = Debug|Win32
		{76E8A254-10A3-4AFB-B48D-C790F90F2904}.Debug|x86.Build.0 = Debug|Win32
		{76E8A254-10A3-4AFB-B48D-C790F90F2904}.Release|x64.ActiveCfg = Release|x64
		{76E8A254-10A3-4AFB-B48D-C790F90F2904}.Release|x64.Build.0 = Release|x64
		{76E8A254-10A3-4AFB-B48D-C790F90F2904}.Release|x86.ActiveCfg = Release|Win32
		{76E8A254-10A3-4AFB-B48D-C790F90F2904}.Release|x86.Build.0 = Release|Win32
		{C2A9338A-21DD-4520-ADE5-AE903B2229E0}.Debug|x64.ActiveCfg = Debug|x64
		{C2A9338A-21DD-4520-ADE5-AE903B2229E0}.Debug|x64.Build.0 = Debug|x64
		{C2A9338A-21DD-4520-ADE5-AE903B2229E0}.Debug|x86.ActiveCfg = Debug|Win32
		{C2A9338A-21DD-4520-ADE5-AE903B2229E0}.Debug|x86.Build.0 = Debug|Win32
		{C2A9338A-21DD-4520-ADE5-AE903B2229E0}.Release|x64.ActiveCfg = Release|x64
		{C2A9338A-21DD-4520-ADE5-AE903B2229E0}.Release|x64.Build.0 = Release|x64
		{C2A9338A-21DD-4520-ADE5-AE903B2229E0}.Release|x86.ActiveCfg = Release|Win32
		{C2A9338A-21DD-4520-ADE5-AE903B2229E0}.Release|x86.Build.0 = Release|Win32
		{42979EC1-069B-4AE2-8E53-6450D91739B1}.Debug|x64.ActiveCfg = Debug|x64
		{42979EC1-069B-4AE2-8E53-6450D91739B1}.Debug|x64.Build.0 = Debug|x64
		{42979EC1-069B-4AE2-8E53-6450D91739B1}.Debug|x86.ActiveCfg = Debug|Win32
		{42979EC1-069B-4AE2-8E53-6450D91739B1}.Debug|x86.Build.0 = Debug|Win32
		{42979EC1-069B-4AE2-8E53-6450D91739B1}.Release|x64.ActiveCfg = Release|x64
		{42979EC1-069B-4AE2-8E53-6450D91739B1}.Release|x64.Build.0 = Release|x64
		{42979EC1-069B-4AE2-8E53-6450D91739B1}.Release|x86.ActiveCfg = Release|Win32
		{42979EC1-069B-4AE2-8E53-6450D91739B1}.Release|x86.Build.0 = Release|Win32
		{3A371EBD-EEE1-4B2A-88B9-93E7BABE0949}.Debug|x64.ActiveCfg = Debug|x64
		{3A371EBD-EEE1-4B2A-88B9-93E7BABE0949}.Debug|x64.Build.0 = Debug|x64
		{3A371EBD-EEE1-4B2A-88B9-93E7BABE0949}.Debug|x86.ActiveCfg = Debug|Win32
		{3A371EBD-EEE1-4B2A-88B9-93E7BABE0949}.Debug|x86.Build.0 = Debug|Win32
		{3A371EBD-EEE1-4B2A-88B9-93E7BABE0949}.Release|x64.ActiveCfg = Release|x64
		{3A371EBD-EEE1-4B2A-88B9-93E7BABE0949}.Release|x64.Build.0 = Release|x64
		{3A371EBD-EEE1-4B2A-88B9-93E7BABE0949}.Release|x86.ActiveCfg = Release|Win32
		{3A371EBD-EEE1-4B2A-88B9-93E7BABE0949}.Release|x86.Build.0 = Release|Win32
	EndGlobalSection
	GlobalSection(SolutionProperties) = preSolution
		HideSolutionNode = FALSE
	EndGlobalSection
	GlobalSection(ExtensibilityGlobals) = postSolution
		SolutionGuid = {5019CD9F-44C9-455B-9DCA-D0CF2386B372}
	EndGlobalSection
EndGlobal
